
Microsoft Visual Studio Solution File, Format Version 9.00
# Visual Studio 2005
Project("{54435603-DBB4-11D2-8724-00A0C9A8B90C}") = "SetupIntercambioRespuestasSII V2", "Setup1\Setup1.vdproj", "{A618B6D8-24F0-483D-9553-D1CBC6AC37FB}"
EndProject
Global
	GlobalSection(SolutionConfigurationPlatforms) = preSolution
		Debug|Any CPU = Debug|Any CPU
		Release|Any CPU = Release|Any CPU
	EndGlobalSection
	GlobalSection(ProjectConfigurationPlatforms) = postSolution
		{A618B6D8-24F0-483D-9553-D1CBC6AC37FB}.Debug|Any CPU.ActiveCfg = Release
		{A618B6D8-24F0-483D-9553-D1CBC6AC37FB}.Release|Any CPU.ActiveCfg = Release
	EndGlobalSection
	GlobalSection(SolutionProperties) = preSolution
		HideSolutionNode = FALSE
	EndGlobalSection
EndGlobal
